<?xml version="1.0" encoding="UTF-8"?>
<CodeBlocks_project_file>
	<FileVersion major="1" minor="6"/>
	<Project>
		<Option title="utaustinvilla3d_master"/>
		<Option makefile_is_custom="1"/>
		<Option compiler="gcc"/>
		<Option virtualFolders="CMake Files\;"/>
		<Build>
			<Target title="all">
				<Option working_dir="/home/wistral/Desktop/utaustinvilla3d-master"/>
				<Option type="4"/>
				<MakeCommands>
					<Build command="/usr/bin/make -f &quot;/home/wistral/Desktop/utaustinvilla3d-master/Makefile&quot;  VERBOSE=1 all"/>
					<CompileFile command="/usr/bin/make -f &quot;/home/wistral/Desktop/utaustinvilla3d-master/Makefile&quot;  VERBOSE=1 &quot;$file&quot;"/>
					<Clean command="/usr/bin/make -f &quot;/home/wistral/Desktop/utaustinvilla3d-master/Makefile&quot;  VERBOSE=1 clean"/>
					<DistClean command="/usr/bin/make -f &quot;/home/wistral/Desktop/utaustinvilla3d-master/Makefile&quot;  VERBOSE=1 clean"/>
				</MakeCommands>
			</Target>
			<Target title="rebuild_cache">
				<Option working_dir="/home/wistral/Desktop/utaustinvilla3d-master"/>
				<Option type="4"/>
				<MakeCommands>
					<Build command="/usr/bin/make -f &quot;/home/wistral/Desktop/utaustinvilla3d-master/Makefile&quot;  VERBOSE=1 rebuild_cache"/>
					<CompileFile command="/usr/bin/make -f &quot;/home/wistral/Desktop/utaustinvilla3d-master/Makefile&quot;  VERBOSE=1 &quot;$file&quot;"/>
					<Clean command="/usr/bin/make -f &quot;/home/wistral/Desktop/utaustinvilla3d-master/Makefile&quot;  VERBOSE=1 clean"/>
					<DistClean command="/usr/bin/make -f &quot;/home/wistral/Desktop/utaustinvilla3d-master/Makefile&quot;  VERBOSE=1 clean"/>
				</MakeCommands>
			</Target>
			<Target title="edit_cache">
				<Option working_dir="/home/wistral/Desktop/utaustinvilla3d-master"/>
				<Option type="4"/>
				<MakeCommands>
					<Build command="/usr/bin/make -f &quot;/home/wistral/Desktop/utaustinvilla3d-master/Makefile&quot;  VERBOSE=1 edit_cache"/>
					<CompileFile command="/usr/bin/make -f &quot;/home/wistral/Desktop/utaustinvilla3d-master/Makefile&quot;  VERBOSE=1 &quot;$file&quot;"/>
					<Clean command="/usr/bin/make -f &quot;/home/wistral/Desktop/utaustinvilla3d-master/Makefile&quot;  VERBOSE=1 clean"/>
					<DistClean command="/usr/bin/make -f &quot;/home/wistral/Desktop/utaustinvilla3d-master/Makefile&quot;  VERBOSE=1 clean"/>
				</MakeCommands>
			</Target>
			<Target title="utaustinvilla3d_master">
				<Option output="/home/wistral/Desktop/utaustinvilla3d-master/utaustinvilla3d_master" prefix_auto="0" extension_auto="0"/>
				<Option working_dir="/home/wistral/Desktop/utaustinvilla3d-master"/>
				<Option object_output="./"/>
				<Option type="1"/>
				<Option compiler="gcc"/>
				<Compiler>
					<Add directory="/home/wistral/Desktop/utaustinvilla3d-master/audio"/>
					<Add directory="/home/wistral/Desktop/utaustinvilla3d-master/behaviors"/>
					<Add directory="/home/wistral/Desktop/utaustinvilla3d-master/bodymodel"/>
					<Add directory="/home/wistral/Desktop/utaustinvilla3d-master/headers"/>
					<Add directory="/home/wistral/Desktop/utaustinvilla3d-master/ikfast"/>
					<Add directory="/home/wistral/Desktop/utaustinvilla3d-master/kalman"/>
					<Add directory="/home/wistral/Desktop/utaustinvilla3d-master/math"/>
					<Add directory="/home/wistral/Desktop/utaustinvilla3d-master/optimization"/>
					<Add directory="/home/wistral/Desktop/utaustinvilla3d-master/parser"/>
					<Add directory="/home/wistral/Desktop/utaustinvilla3d-master/particlefilter"/>
					<Add directory="/home/wistral/Desktop/utaustinvilla3d-master/rvdraw"/>
					<Add directory="/home/wistral/Desktop/utaustinvilla3d-master/skills"/>
					<Add directory="/home/wistral/Desktop/utaustinvilla3d-master/stats"/>
					<Add directory="/home/wistral/Desktop/utaustinvilla3d-master/utwalk"/>
					<Add directory="/home/wistral/Desktop/utaustinvilla3d-master/utwalk/common"/>
					<Add directory="/home/wistral/Desktop/utaustinvilla3d-master/utwalk/kinematics"/>
					<Add directory="/home/wistral/Desktop/utaustinvilla3d-master/utwalk/math"/>
					<Add directory="/home/wistral/Desktop/utaustinvilla3d-master/utwalk/memory"/>
					<Add directory="/home/wistral/Desktop/utaustinvilla3d-master/utwalk/motion"/>
					<Add directory="/home/wistral/Desktop/utaustinvilla3d-master/utwalk/sensor"/>
					<Add directory="/home/wistral/Desktop/utaustinvilla3d-master/worldmodel"/>
				</Compiler>
				<MakeCommands>
					<Build command="/usr/bin/make -f &quot;/home/wistral/Desktop/utaustinvilla3d-master/Makefile&quot;  VERBOSE=1 utaustinvilla3d_master"/>
					<CompileFile command="/usr/bin/make -f &quot;/home/wistral/Desktop/utaustinvilla3d-master/Makefile&quot;  VERBOSE=1 &quot;$file&quot;"/>
					<Clean command="/usr/bin/make -f &quot;/home/wistral/Desktop/utaustinvilla3d-master/Makefile&quot;  VERBOSE=1 clean"/>
					<DistClean command="/usr/bin/make -f &quot;/home/wistral/Desktop/utaustinvilla3d-master/Makefile&quot;  VERBOSE=1 clean"/>
				</MakeCommands>
			</Target>
			<Target title="utaustinvilla3d_master/fast">
				<Option output="/home/wistral/Desktop/utaustinvilla3d-master/utaustinvilla3d_master" prefix_auto="0" extension_auto="0"/>
				<Option working_dir="/home/wistral/Desktop/utaustinvilla3d-master"/>
				<Option object_output="./"/>
				<Option type="1"/>
				<Option compiler="gcc"/>
				<Compiler>
					<Add directory="/home/wistral/Desktop/utaustinvilla3d-master/audio"/>
					<Add directory="/home/wistral/Desktop/utaustinvilla3d-master/behaviors"/>
					<Add directory="/home/wistral/Desktop/utaustinvilla3d-master/bodymodel"/>
					<Add directory="/home/wistral/Desktop/utaustinvilla3d-master/headers"/>
					<Add directory="/home/wistral/Desktop/utaustinvilla3d-master/ikfast"/>
					<Add directory="/home/wistral/Desktop/utaustinvilla3d-master/kalman"/>
					<Add directory="/home/wistral/Desktop/utaustinvilla3d-master/math"/>
					<Add directory="/home/wistral/Desktop/utaustinvilla3d-master/optimization"/>
					<Add directory="/home/wistral/Desktop/utaustinvilla3d-master/parser"/>
					<Add directory="/home/wistral/Desktop/utaustinvilla3d-master/particlefilter"/>
					<Add directory="/home/wistral/Desktop/utaustinvilla3d-master/rvdraw"/>
					<Add directory="/home/wistral/Desktop/utaustinvilla3d-master/skills"/>
					<Add directory="/home/wistral/Desktop/utaustinvilla3d-master/stats"/>
					<Add directory="/home/wistral/Desktop/utaustinvilla3d-master/utwalk"/>
					<Add directory="/home/wistral/Desktop/utaustinvilla3d-master/utwalk/common"/>
					<Add directory="/home/wistral/Desktop/utaustinvilla3d-master/utwalk/kinematics"/>
					<Add directory="/home/wistral/Desktop/utaustinvilla3d-master/utwalk/math"/>
					<Add directory="/home/wistral/Desktop/utaustinvilla3d-master/utwalk/memory"/>
					<Add directory="/home/wistral/Desktop/utaustinvilla3d-master/utwalk/motion"/>
					<Add directory="/home/wistral/Desktop/utaustinvilla3d-master/utwalk/sensor"/>
					<Add directory="/home/wistral/Desktop/utaustinvilla3d-master/worldmodel"/>
				</Compiler>
				<MakeCommands>
					<Build command="/usr/bin/make -f &quot;/home/wistral/Desktop/utaustinvilla3d-master/Makefile&quot;  VERBOSE=1 utaustinvilla3d_master/fast"/>
					<CompileFile command="/usr/bin/make -f &quot;/home/wistral/Desktop/utaustinvilla3d-master/Makefile&quot;  VERBOSE=1 &quot;$file&quot;"/>
					<Clean command="/usr/bin/make -f &quot;/home/wistral/Desktop/utaustinvilla3d-master/Makefile&quot;  VERBOSE=1 clean"/>
					<DistClean command="/usr/bin/make -f &quot;/home/wistral/Desktop/utaustinvilla3d-master/Makefile&quot;  VERBOSE=1 clean"/>
				</MakeCommands>
			</Target>
		</Build>
		<Unit filename="/home/wistral/Desktop/utaustinvilla3d-master/audio/audio.cc">
			<Option target="utaustinvilla3d_master"/>
		</Unit>
		<Unit filename="/home/wistral/Desktop/utaustinvilla3d-master/audio/audio.h">
			<Option target="utaustinvilla3d_master"/>
		</Unit>
		<Unit filename="/home/wistral/Desktop/utaustinvilla3d-master/behaviors/behavior.cc">
			<Option target="utaustinvilla3d_master"/>
		</Unit>
		<Unit filename="/home/wistral/Desktop/utaustinvilla3d-master/behaviors/behavior.h">
			<Option target="utaustinvilla3d_master"/>
		</Unit>
		<Unit filename="/home/wistral/Desktop/utaustinvilla3d-master/behaviors/checkfall.cc">
			<Option target="utaustinvilla3d_master"/>
		</Unit>
		<Unit filename="/home/wistral/Desktop/utaustinvilla3d-master/behaviors/gazebobehavior.cc">
			<Option target="utaustinvilla3d_master"/>
		</Unit>
		<Unit filename="/home/wistral/Desktop/utaustinvilla3d-master/behaviors/gazebobehavior.h">
			<Option target="utaustinvilla3d_master"/>
		</Unit>
		<Unit filename="/home/wistral/Desktop/utaustinvilla3d-master/behaviors/kicking.cc">
			<Option target="utaustinvilla3d_master"/>
		</Unit>
		<Unit filename="/home/wistral/Desktop/utaustinvilla3d-master/behaviors/naobehavior.cc">
			<Option target="utaustinvilla3d_master"/>
		</Unit>
		<Unit filename="/home/wistral/Desktop/utaustinvilla3d-master/behaviors/naobehavior.h">
			<Option target="utaustinvilla3d_master"/>
		</Unit>
		<Unit filename="/home/wistral/Desktop/utaustinvilla3d-master/behaviors/pkbehaviors.cc">
			<Option target="utaustinvilla3d_master"/>
		</Unit>
		<Unit filename="/home/wistral/Desktop/utaustinvilla3d-master/behaviors/pkbehaviors.h">
			<Option target="utaustinvilla3d_master"/>
		</Unit>
		<Unit filename="/home/wistral/Desktop/utaustinvilla3d-master/behaviors/strategy.cc">
			<Option target="utaustinvilla3d_master"/>
		</Unit>
		<Unit filename="/home/wistral/Desktop/utaustinvilla3d-master/bodymodel/bodymodel.cc">
			<Option target="utaustinvilla3d_master"/>
		</Unit>
		<Unit filename="/home/wistral/Desktop/utaustinvilla3d-master/bodymodel/bodymodel.h">
			<Option target="utaustinvilla3d_master"/>
		</Unit>
		<Unit filename="/home/wistral/Desktop/utaustinvilla3d-master/headers/Field.h">
			<Option target="utaustinvilla3d_master"/>
		</Unit>
		<Unit filename="/home/wistral/Desktop/utaustinvilla3d-master/headers/headers.cc">
			<Option target="utaustinvilla3d_master"/>
		</Unit>
		<Unit filename="/home/wistral/Desktop/utaustinvilla3d-master/headers/headers.h">
			<Option target="utaustinvilla3d_master"/>
		</Unit>
		<Unit filename="/home/wistral/Desktop/utaustinvilla3d-master/ikfast/ikfast.cpp">
			<Option target="utaustinvilla3d_master"/>
		</Unit>
		<Unit filename="/home/wistral/Desktop/utaustinvilla3d-master/ikfast/ikfast.h">
			<Option target="utaustinvilla3d_master"/>
		</Unit>
		<Unit filename="/home/wistral/Desktop/utaustinvilla3d-master/ikfast/ikfast_left_foot.cpp">
			<Option target="utaustinvilla3d_master"/>
		</Unit>
		<Unit filename="/home/wistral/Desktop/utaustinvilla3d-master/ikfast/ikfast_right_foot.cpp">
			<Option target="utaustinvilla3d_master"/>
		</Unit>
		<Unit filename="/home/wistral/Desktop/utaustinvilla3d-master/kalman/BallKF.cpp">
			<Option target="utaustinvilla3d_master"/>
		</Unit>
		<Unit filename="/home/wistral/Desktop/utaustinvilla3d-master/kalman/BallKF.h">
			<Option target="utaustinvilla3d_master"/>
		</Unit>
		<Unit filename="/home/wistral/Desktop/utaustinvilla3d-master/kalman/OrigKalmanFilter.cpp">
			<Option target="utaustinvilla3d_master"/>
		</Unit>
		<Unit filename="/home/wistral/Desktop/utaustinvilla3d-master/kalman/OrigKalmanFilter.h">
			<Option target="utaustinvilla3d_master"/>
		</Unit>
		<Unit filename="/home/wistral/Desktop/utaustinvilla3d-master/kalman/PlayerKF.cpp">
			<Option target="utaustinvilla3d_master"/>
		</Unit>
		<Unit filename="/home/wistral/Desktop/utaustinvilla3d-master/kalman/PlayerKF.h">
			<Option target="utaustinvilla3d_master"/>
		</Unit>
		<Unit filename="/home/wistral/Desktop/utaustinvilla3d-master/main.cc">
			<Option target="utaustinvilla3d_master"/>
		</Unit>
		<Unit filename="/home/wistral/Desktop/utaustinvilla3d-master/math/Geometry.cc">
			<Option target="utaustinvilla3d_master"/>
		</Unit>
		<Unit filename="/home/wistral/Desktop/utaustinvilla3d-master/math/Geometry.h">
			<Option target="utaustinvilla3d_master"/>
		</Unit>
		<Unit filename="/home/wistral/Desktop/utaustinvilla3d-master/math/hctmatrix.cc">
			<Option target="utaustinvilla3d_master"/>
		</Unit>
		<Unit filename="/home/wistral/Desktop/utaustinvilla3d-master/math/hctmatrix.h">
			<Option target="utaustinvilla3d_master"/>
		</Unit>
		<Unit filename="/home/wistral/Desktop/utaustinvilla3d-master/math/vecposition.cc">
			<Option target="utaustinvilla3d_master"/>
		</Unit>
		<Unit filename="/home/wistral/Desktop/utaustinvilla3d-master/math/vecposition.h">
			<Option target="utaustinvilla3d_master"/>
		</Unit>
		<Unit filename="/home/wistral/Desktop/utaustinvilla3d-master/optimization/optimizationbehaviors.cc">
			<Option target="utaustinvilla3d_master"/>
		</Unit>
		<Unit filename="/home/wistral/Desktop/utaustinvilla3d-master/optimization/optimizationbehaviors.h">
			<Option target="utaustinvilla3d_master"/>
		</Unit>
		<Unit filename="/home/wistral/Desktop/utaustinvilla3d-master/parser/VisionObject.h">
			<Option target="utaustinvilla3d_master"/>
		</Unit>
		<Unit filename="/home/wistral/Desktop/utaustinvilla3d-master/parser/parser.cc">
			<Option target="utaustinvilla3d_master"/>
		</Unit>
		<Unit filename="/home/wistral/Desktop/utaustinvilla3d-master/parser/parser.h">
			<Option target="utaustinvilla3d_master"/>
		</Unit>
		<Unit filename="/home/wistral/Desktop/utaustinvilla3d-master/particlefilter/MyRandom.h">
			<Option target="utaustinvilla3d_master"/>
		</Unit>
		<Unit filename="/home/wistral/Desktop/utaustinvilla3d-master/particlefilter/PFLocalization.cc">
			<Option target="utaustinvilla3d_master"/>
		</Unit>
		<Unit filename="/home/wistral/Desktop/utaustinvilla3d-master/particlefilter/PFLocalization.h">
			<Option target="utaustinvilla3d_master"/>
		</Unit>
		<Unit filename="/home/wistral/Desktop/utaustinvilla3d-master/particlefilter/Particle.cc">
			<Option target="utaustinvilla3d_master"/>
		</Unit>
		<Unit filename="/home/wistral/Desktop/utaustinvilla3d-master/particlefilter/Particle.h">
			<Option target="utaustinvilla3d_master"/>
		</Unit>
		<Unit filename="/home/wistral/Desktop/utaustinvilla3d-master/rvdraw/rvdraw.cc">
			<Option target="utaustinvilla3d_master"/>
		</Unit>
		<Unit filename="/home/wistral/Desktop/utaustinvilla3d-master/rvdraw/rvdraw.h">
			<Option target="utaustinvilla3d_master"/>
		</Unit>
		<Unit filename="/home/wistral/Desktop/utaustinvilla3d-master/servercomm/primitives.cc">
			<Option target="utaustinvilla3d_master"/>
		</Unit>
		<Unit filename="/home/wistral/Desktop/utaustinvilla3d-master/skills/curve3d.cc">
			<Option target="utaustinvilla3d_master"/>
		</Unit>
		<Unit filename="/home/wistral/Desktop/utaustinvilla3d-master/skills/curve3d.h">
			<Option target="utaustinvilla3d_master"/>
		</Unit>
		<Unit filename="/home/wistral/Desktop/utaustinvilla3d-master/skills/skill.cc">
			<Option target="utaustinvilla3d_master"/>
		</Unit>
		<Unit filename="/home/wistral/Desktop/utaustinvilla3d-master/skills/skill.h">
			<Option target="utaustinvilla3d_master"/>
		</Unit>
		<Unit filename="/home/wistral/Desktop/utaustinvilla3d-master/skills/skillparser.h">
			<Option target="utaustinvilla3d_master"/>
		</Unit>
		<Unit filename="/home/wistral/Desktop/utaustinvilla3d-master/stats/recordstatsbehavior.cc">
			<Option target="utaustinvilla3d_master"/>
		</Unit>
		<Unit filename="/home/wistral/Desktop/utaustinvilla3d-master/stats/recordstatsbehavior.h">
			<Option target="utaustinvilla3d_master"/>
		</Unit>
		<Unit filename="/home/wistral/Desktop/utaustinvilla3d-master/utwalk/Module.cpp">
			<Option target="utaustinvilla3d_master"/>
		</Unit>
		<Unit filename="/home/wistral/Desktop/utaustinvilla3d-master/utwalk/Module.h">
			<Option target="utaustinvilla3d_master"/>
		</Unit>
		<Unit filename="/home/wistral/Desktop/utaustinvilla3d-master/utwalk/MotionCore.cpp">
			<Option target="utaustinvilla3d_master"/>
		</Unit>
		<Unit filename="/home/wistral/Desktop/utaustinvilla3d-master/utwalk/MotionCore.h">
			<Option target="utaustinvilla3d_master"/>
		</Unit>
		<Unit filename="/home/wistral/Desktop/utaustinvilla3d-master/utwalk/common/InterfaceInfo.h">
			<Option target="utaustinvilla3d_master"/>
		</Unit>
		<Unit filename="/home/wistral/Desktop/utaustinvilla3d-master/utwalk/common/MassCalibration.h">
			<Option target="utaustinvilla3d_master"/>
		</Unit>
		<Unit filename="/home/wistral/Desktop/utaustinvilla3d-master/utwalk/common/NMatrix.cpp">
			<Option target="utaustinvilla3d_master"/>
		</Unit>
		<Unit filename="/home/wistral/Desktop/utaustinvilla3d-master/utwalk/common/NMatrix.h">
			<Option target="utaustinvilla3d_master"/>
		</Unit>
		<Unit filename="/home/wistral/Desktop/utaustinvilla3d-master/utwalk/common/PIDController.cpp">
			<Option target="utaustinvilla3d_master"/>
		</Unit>
		<Unit filename="/home/wistral/Desktop/utaustinvilla3d-master/utwalk/common/PIDController.h">
			<Option target="utaustinvilla3d_master"/>
		</Unit>
		<Unit filename="/home/wistral/Desktop/utaustinvilla3d-master/utwalk/common/RingBuffer.h">
			<Option target="utaustinvilla3d_master"/>
		</Unit>
		<Unit filename="/home/wistral/Desktop/utaustinvilla3d-master/utwalk/common/RingBufferWithSum.h">
			<Option target="utaustinvilla3d_master"/>
		</Unit>
		<Unit filename="/home/wistral/Desktop/utaustinvilla3d-master/utwalk/common/RobotDimensions.h">
			<Option target="utaustinvilla3d_master"/>
		</Unit>
		<Unit filename="/home/wistral/Desktop/utaustinvilla3d-master/utwalk/common/RobotInfo.h">
			<Option target="utaustinvilla3d_master"/>
		</Unit>
		<Unit filename="/home/wistral/Desktop/utaustinvilla3d-master/utwalk/kinematics/ForwardKinematics.cpp">
			<Option target="utaustinvilla3d_master"/>
		</Unit>
		<Unit filename="/home/wistral/Desktop/utaustinvilla3d-master/utwalk/kinematics/ForwardKinematics.h">
			<Option target="utaustinvilla3d_master"/>
		</Unit>
		<Unit filename="/home/wistral/Desktop/utaustinvilla3d-master/utwalk/kinematics/InverseKinematics.cpp">
			<Option target="utaustinvilla3d_master"/>
		</Unit>
		<Unit filename="/home/wistral/Desktop/utaustinvilla3d-master/utwalk/kinematics/InverseKinematics.h">
			<Option target="utaustinvilla3d_master"/>
		</Unit>
		<Unit filename="/home/wistral/Desktop/utaustinvilla3d-master/utwalk/kinematics/KinematicsModule.cpp">
			<Option target="utaustinvilla3d_master"/>
		</Unit>
		<Unit filename="/home/wistral/Desktop/utaustinvilla3d-master/utwalk/kinematics/KinematicsModule.h">
			<Option target="utaustinvilla3d_master"/>
		</Unit>
		<Unit filename="/home/wistral/Desktop/utaustinvilla3d-master/utwalk/math/Common.h">
			<Option target="utaustinvilla3d_master"/>
		</Unit>
		<Unit filename="/home/wistral/Desktop/utaustinvilla3d-master/utwalk/math/Geometry.cpp">
			<Option target="utaustinvilla3d_master"/>
		</Unit>
		<Unit filename="/home/wistral/Desktop/utaustinvilla3d-master/utwalk/math/Geometry.h">
			<Option target="utaustinvilla3d_master"/>
		</Unit>
		<Unit filename="/home/wistral/Desktop/utaustinvilla3d-master/utwalk/math/MVTools.cpp">
			<Option target="utaustinvilla3d_master"/>
		</Unit>
		<Unit filename="/home/wistral/Desktop/utaustinvilla3d-master/utwalk/math/MVTools.h">
			<Option target="utaustinvilla3d_master"/>
		</Unit>
		<Unit filename="/home/wistral/Desktop/utaustinvilla3d-master/utwalk/math/Matrix.h">
			<Option target="utaustinvilla3d_master"/>
		</Unit>
		<Unit filename="/home/wistral/Desktop/utaustinvilla3d-master/utwalk/math/Matrix2x2.h">
			<Option target="utaustinvilla3d_master"/>
		</Unit>
		<Unit filename="/home/wistral/Desktop/utaustinvilla3d-master/utwalk/math/Matrix3x3.h">
			<Option target="utaustinvilla3d_master"/>
		</Unit>
		<Unit filename="/home/wistral/Desktop/utaustinvilla3d-master/utwalk/math/Pose2D.h">
			<Option target="utaustinvilla3d_master"/>
		</Unit>
		<Unit filename="/home/wistral/Desktop/utaustinvilla3d-master/utwalk/math/Pose3D.h">
			<Option target="utaustinvilla3d_master"/>
		</Unit>
		<Unit filename="/home/wistral/Desktop/utaustinvilla3d-master/utwalk/math/Range.h">
			<Option target="utaustinvilla3d_master"/>
		</Unit>
		<Unit filename="/home/wistral/Desktop/utaustinvilla3d-master/utwalk/math/RotationMatrix.cpp">
			<Option target="utaustinvilla3d_master"/>
		</Unit>
		<Unit filename="/home/wistral/Desktop/utaustinvilla3d-master/utwalk/math/RotationMatrix.h">
			<Option target="utaustinvilla3d_master"/>
		</Unit>
		<Unit filename="/home/wistral/Desktop/utaustinvilla3d-master/utwalk/math/Vector.h">
			<Option target="utaustinvilla3d_master"/>
		</Unit>
		<Unit filename="/home/wistral/Desktop/utaustinvilla3d-master/utwalk/math/Vector2.h">
			<Option target="utaustinvilla3d_master"/>
		</Unit>
		<Unit filename="/home/wistral/Desktop/utaustinvilla3d-master/utwalk/math/Vector3.h">
			<Option target="utaustinvilla3d_master"/>
		</Unit>
		<Unit filename="/home/wistral/Desktop/utaustinvilla3d-master/utwalk/memory/AbstractMemory.h">
			<Option target="utaustinvilla3d_master"/>
		</Unit>
		<Unit filename="/home/wistral/Desktop/utaustinvilla3d-master/utwalk/memory/BodyModelBlock.h">
			<Option target="utaustinvilla3d_master"/>
		</Unit>
		<Unit filename="/home/wistral/Desktop/utaustinvilla3d-master/utwalk/memory/FrameInfoBlock.h">
			<Option target="utaustinvilla3d_master"/>
		</Unit>
		<Unit filename="/home/wistral/Desktop/utaustinvilla3d-master/utwalk/memory/GraphableBlock.h">
			<Option target="utaustinvilla3d_master"/>
		</Unit>
		<Unit filename="/home/wistral/Desktop/utaustinvilla3d-master/utwalk/memory/JointBlock.h">
			<Option target="utaustinvilla3d_master"/>
		</Unit>
		<Unit filename="/home/wistral/Desktop/utaustinvilla3d-master/utwalk/memory/JointCommandBlock.h">
			<Option target="utaustinvilla3d_master"/>
		</Unit>
		<Unit filename="/home/wistral/Desktop/utaustinvilla3d-master/utwalk/memory/Lock.cpp">
			<Option target="utaustinvilla3d_master"/>
		</Unit>
		<Unit filename="/home/wistral/Desktop/utaustinvilla3d-master/utwalk/memory/Lock.h">
			<Option target="utaustinvilla3d_master"/>
		</Unit>
		<Unit filename="/home/wistral/Desktop/utaustinvilla3d-master/utwalk/memory/Logger.cpp">
			<Option target="utaustinvilla3d_master"/>
		</Unit>
		<Unit filename="/home/wistral/Desktop/utaustinvilla3d-master/utwalk/memory/Logger.h">
			<Option target="utaustinvilla3d_master"/>
		</Unit>
		<Unit filename="/home/wistral/Desktop/utaustinvilla3d-master/utwalk/memory/Memory.cpp">
			<Option target="utaustinvilla3d_master"/>
		</Unit>
		<Unit filename="/home/wistral/Desktop/utaustinvilla3d-master/utwalk/memory/Memory.h">
			<Option target="utaustinvilla3d_master"/>
		</Unit>
		<Unit filename="/home/wistral/Desktop/utaustinvilla3d-master/utwalk/memory/MemoryBlock.cpp">
			<Option target="utaustinvilla3d_master"/>
		</Unit>
		<Unit filename="/home/wistral/Desktop/utaustinvilla3d-master/utwalk/memory/MemoryBlock.h">
			<Option target="utaustinvilla3d_master"/>
		</Unit>
		<Unit filename="/home/wistral/Desktop/utaustinvilla3d-master/utwalk/memory/OdometryBlock.h">
			<Option target="utaustinvilla3d_master"/>
		</Unit>
		<Unit filename="/home/wistral/Desktop/utaustinvilla3d-master/utwalk/memory/PrivateMemory.cpp">
			<Option target="utaustinvilla3d_master"/>
		</Unit>
		<Unit filename="/home/wistral/Desktop/utaustinvilla3d-master/utwalk/memory/PrivateMemory.h">
			<Option target="utaustinvilla3d_master"/>
		</Unit>
		<Unit filename="/home/wistral/Desktop/utaustinvilla3d-master/utwalk/memory/SensorBlock.h">
			<Option target="utaustinvilla3d_master"/>
		</Unit>
		<Unit filename="/home/wistral/Desktop/utaustinvilla3d-master/utwalk/memory/SharedMemory.cpp">
			<Option target="utaustinvilla3d_master"/>
		</Unit>
		<Unit filename="/home/wistral/Desktop/utaustinvilla3d-master/utwalk/memory/SharedMemory.h">
			<Option target="utaustinvilla3d_master"/>
		</Unit>
		<Unit filename="/home/wistral/Desktop/utaustinvilla3d-master/utwalk/memory/SimEffectorBlock.h">
			<Option target="utaustinvilla3d_master"/>
		</Unit>
		<Unit filename="/home/wistral/Desktop/utaustinvilla3d-master/utwalk/memory/WalkEngineBlock.h">
			<Option target="utaustinvilla3d_master"/>
		</Unit>
		<Unit filename="/home/wistral/Desktop/utaustinvilla3d-master/utwalk/memory/WalkRequestBlock.h">
			<Option target="utaustinvilla3d_master"/>
		</Unit>
		<Unit filename="/home/wistral/Desktop/utaustinvilla3d-master/utwalk/motion/MotionModule.cpp">
			<Option target="utaustinvilla3d_master"/>
		</Unit>
		<Unit filename="/home/wistral/Desktop/utaustinvilla3d-master/utwalk/motion/MotionModule.h">
			<Option target="utaustinvilla3d_master"/>
		</Unit>
		<Unit filename="/home/wistral/Desktop/utaustinvilla3d-master/utwalk/motion/UTWalkEngine.cpp">
			<Option target="utaustinvilla3d_master"/>
		</Unit>
		<Unit filename="/home/wistral/Desktop/utaustinvilla3d-master/utwalk/motion/UTWalkEngine.h">
			<Option target="utaustinvilla3d_master"/>
		</Unit>
		<Unit filename="/home/wistral/Desktop/utaustinvilla3d-master/utwalk/motion/WalkEngineParameters.cpp">
			<Option target="utaustinvilla3d_master"/>
		</Unit>
		<Unit filename="/home/wistral/Desktop/utaustinvilla3d-master/utwalk/motion/WalkEngineParameters.h">
			<Option target="utaustinvilla3d_master"/>
		</Unit>
		<Unit filename="/home/wistral/Desktop/utaustinvilla3d-master/utwalk/sensor/InertialFilter.cpp">
			<Option target="utaustinvilla3d_master"/>
		</Unit>
		<Unit filename="/home/wistral/Desktop/utaustinvilla3d-master/utwalk/sensor/InertialFilter.h">
			<Option target="utaustinvilla3d_master"/>
		</Unit>
		<Unit filename="/home/wistral/Desktop/utaustinvilla3d-master/utwalk/sensor/SensorModule.cpp">
			<Option target="utaustinvilla3d_master"/>
		</Unit>
		<Unit filename="/home/wistral/Desktop/utaustinvilla3d-master/utwalk/sensor/SensorModule.h">
			<Option target="utaustinvilla3d_master"/>
		</Unit>
		<Unit filename="/home/wistral/Desktop/utaustinvilla3d-master/worldmodel/WorldObject.h">
			<Option target="utaustinvilla3d_master"/>
		</Unit>
		<Unit filename="/home/wistral/Desktop/utaustinvilla3d-master/worldmodel/worldmodel.cc">
			<Option target="utaustinvilla3d_master"/>
		</Unit>
		<Unit filename="/home/wistral/Desktop/utaustinvilla3d-master/worldmodel/worldmodel.h">
			<Option target="utaustinvilla3d_master"/>
		</Unit>
		<Unit filename="/home/wistral/Desktop/utaustinvilla3d-master/CMakeLists.txt">
			<Option virtualFolder="CMake Files\"/>
		</Unit>
	</Project>
</CodeBlocks_project_file>
